
Microsoft Visual Studio Solution File, Format Version 12.00
# Visual Studio Version 17
VisualStudioVersion = 17.3.32929.385
MinimumVisualStudioVersion = 10.0.40219.1
Project("{9A19103F-16F7-4668-BE54-9A1E7A4F7556}") = "StockTrade.Server", "StockTrade\StockTrade.Server.csproj", "{FF116188-DDDD-4211-BB25-A415EB58EBCA}"
EndProject
Project("{9A19103F-16F7-4668-BE54-9A1E7A4F7556}") = "StockTrade.Entity", "StockTrade.Entity\StockTrade.Entity.csproj", "{6DEA16E8-9883-4ECA-9830-DEFB51576C6E}"
EndProject
Project("{FAE04EC0-301F-11D3-BF4B-00C04F79EFBC}") = "StockTrade.Client", "StockTrade.Client\StockTrade.Client.csproj", "{45DDDC68-3ED9-4A32-A21D-99981401384D}"
EndProject
Global
	GlobalSection(SolutionConfigurationPlatforms) = preSolution
		Debug|Any CPU = Debug|Any CPU
		Release|Any CPU = Release|Any CPU
	EndGlobalSection
	GlobalSection(ProjectConfigurationPlatforms) = postSolution
		{FF116188-DDDD-4211-BB25-A415EB58EBCA}.Debug|Any CPU.ActiveCfg = Debug|Any CPU
		{FF116188-DDDD-4211-BB25-A415EB58EBCA}.Debug|Any CPU.Build.0 = Debug|Any CPU
		{FF116188-DDDD-4211-BB25-A415EB58EBCA}.Release|Any CPU.ActiveCfg = Release|Any CPU
		{FF116188-DDDD-4211-BB25-A415EB58EBCA}.Release|Any CPU.Build.0 = Release|Any CPU
		{6DEA16E8-9883-4ECA-9830-DEFB51576C6E}.Debug|Any CPU.ActiveCfg = Debug|Any CPU
		{6DEA16E8-9883-4ECA-9830-DEFB51576C6E}.Debug|Any CPU.Build.0 = Debug|Any CPU
		{6DEA16E8-9883-4ECA-9830-DEFB51576C6E}.Release|Any CPU.ActiveCfg = Release|Any CPU
		{6DEA16E8-9883-4ECA-9830-DEFB51576C6E}.Release|Any CPU.Build.0 = Release|Any CPU
		{45DDDC68-3ED9-4A32-A21D-99981401384D}.Debug|Any CPU.ActiveCfg = Debug|Any CPU
		{45DDDC68-3ED9-4A32-A21D-99981401384D}.Debug|Any CPU.Build.0 = Debug|Any CPU
		{45DDDC68-3ED9-4A32-A21D-99981401384D}.Release|Any CPU.ActiveCfg = Release|Any CPU
		{45DDDC68-3ED9-4A32-A21D-99981401384D}.Release|Any CPU.Build.0 = Release|Any CPU
	EndGlobalSection
	GlobalSection(SolutionProperties) = preSolution
		HideSolutionNode = FALSE
	EndGlobalSection
	GlobalSection(ExtensibilityGlobals) = postSolution
		SolutionGuid = {17697A1C-1A1D-46C7-AFC2-7B1AFC3A6D6B}
	EndGlobalSection
EndGlobal
